// !$*UTF8*$!
{
	archiveVersion = 1;
	classes = {
	};
	objectVersion = 48;
	objects = {

/* Begin PBXBuildFile section */
		39DA32591F2EAFA300607AEC /* AppDelegate.swift in Sources */ = {isa = PBXBuildFile; fileRef = 39DA32581F2EAFA300607AEC /* AppDelegate.swift */; };
		39DA325B1F2EAFA300607AEC /* ViewController.swift in Sources */ = {isa = PBXBuildFile; fileRef = 39DA325A1F2EAFA300607AEC /* ViewController.swift */; };
		39DA325E1F2EAFA300607AEC /* Main.storyboard in Resources */ = {isa = PBXBuildFile; fileRef = 39DA325C1F2EAFA300607AEC /* Main.storyboard */; };
		39DA32601F2EAFA300607AEC /* Assets.xcassets in Resources */ = {isa = PBXBuildFile; fileRef = 39DA325F1F2EAFA300607AEC /* Assets.xcassets */; };
		39DA32631F2EAFA300607AEC /* LaunchScreen.storyboard in Resources */ = {isa = PBXBuildFile; fileRef = 39DA32611F2EAFA300607AEC /* LaunchScreen.storyboard */; };
		39DA326B1F2EB12200607AEC /* Task.swift in Sources */ = {isa = PBXBuildFile; fileRef = 39DA326A1F2EB12200607AEC /* Task.swift */; };
		39DA326D1F2EB12E00607AEC /* Enumerations.swift in Sources */ = {isa = PBXBuildFile; fileRef = 39DA326C1F2EB12E00607AEC /* Enumerations.swift */; };
/* End PBXBuildFile section */

/* Begin PBXFileReference section */
		39DA32551F2EAFA300607AEC /* Task-Manager.app */ = {isa = PBXFileReference; explicitFileType = wrapper.application; includeInIndex = 0; path = "Task-Manager.app"; sourceTree = BUILT_PRODUCTS_DIR; };
		39DA32581F2EAFA300607AEC /* AppDelegate.swift */ = {isa = PBXFileReference; lastKnownFileType = sourcecode.swift; path = AppDelegate.swift; sourceTree = "<group>"; };
		39DA325A1F2EAFA300607AEC /* ViewController.swift */ = {isa = PBXFileReference; lastKnownFileType = sourcecode.swift; path = ViewController.swift; sourceTree = "<group>"; };
		39DA325D1F2EAFA300607AEC /* Base */ = {isa = PBXFileReference; lastKnownFileType = file.storyboard; name = Base; path = Base.lproj/Main.storyboard; sourceTree = "<group>"; };
		39DA325F1F2EAFA300607AEC /* Assets.xcassets */ = {isa = PBXFileReference; lastKnownFileType = folder.assetcatalog; path = Assets.xcassets; sourceTree = "<group>"; };
		39DA32621F2EAFA300607AEC /* Base */ = {isa = PBXFileReference; lastKnownFileType = file.storyboard; name = Base; path = Base.lproj/LaunchScreen.storyboard; sourceTree = "<group>"; };
		39DA32641F2EAFA300607AEC /* Info.plist */ = {isa = PBXFileReference; lastKnownFileType = text.plist.xml; path = Info.plist; sourceTree = "<group>"; };
		39DA326A1F2EB12200607AEC /* Task.swift */ = {isa = PBXFileReference; fileEncoding = 4; lastKnownFileType = sourcecode.swift; name = Task.swift; path = "../../To-Do/To-Do/Data Models/Task.swift"; sourceTree = "<group>"; };
		39DA326C1F2EB12E00607AEC /* Enumerations.swift */ = {isa = PBXFileReference; fileEncoding = 4; lastKnownFileType = sourcecode.swift; name = Enumerations.swift; path = "../../To-Do/To-Do/Utilities/Enumerations.swift"; sourceTree = "<group>"; };
/* End PBXFileReference section */

/* Begin PBXFrameworksBuildPhase section */
		39DA32521F2EAFA300607AEC /* Frameworks */ = {
			isa = PBXFrameworksBuildPhase;
			buildActionMask = 2147483647;
			files = (
			);
			runOnlyForDeploymentPostprocessing = 0;
		};
/* End PBXFrameworksBuildPhase section */

/* Begin PBXGroup section */
		39DA324C1F2EAFA300607AEC = {
			isa = PBXGroup;
			children = (
				39DA32571F2EAFA300607AEC /* Task-Manager */,
				39DA32561F2EAFA300607AEC /* Products */,
			);
			sourceTree = "<group>";
		};
		39DA32561F2EAFA300607AEC /* Products */ = {
			isa = PBXGroup;
			children = (
				39DA32551F2EAFA300607AEC /* Task-Manager.app */,
			);
			name = Products;
			sourceTree = "<group>";
		};
		39DA32571F2EAFA300607AEC /* Task-Manager */ = {
			isa = PBXGroup;
			children = (
				39DA326A1F2EB12200607AEC /* Task.swift */,
				39DA326C1F2EB12E00607AEC /* Enumerations.swift */,
				39DA32581F2EAFA300607AEC /* AppDelegate.swift */,
				39DA325A1F2EAFA300607AEC /* ViewController.swift */,
				39DA325C1F2EAFA300607AEC /* Main.storyboard */,
				39DA325F1F2EAFA300607AEC /* Assets.xcassets */,
				39DA32611F2EAFA300607AEC /* LaunchScreen.storyboard */,
				39DA32641F2EAFA300607AEC /* Info.plist */,
			);
			path = "Task-Manager";
			sourceTree = "<group>";
		};
/* End PBXGroup section */

/* Begin PBXNativeTarget section */
		39DA32541F2EAFA300607AEC /* Task-Manager */ = {
			isa = PBXNativeTarget;
			buildConfigurationList = 39DA32671F2EAFA300607AEC /* Build configuration list for PBXNativeTarget "Task-Manager" */;
			buildPhases = (
				39DA32511F2EAFA300607AEC /* Sources */,
				39DA32521F2EAFA300607AEC /* Frameworks */,
				39DA32531F2EAFA300607AEC /* Resources */,
			);
			buildRules = (
			);
			dependencies = (
			);
			name = "Task-Manager";
			productName = "Task-Manager";
			productReference = 39DA32551F2EAFA300607AEC /* Task-Manager.app */;
			productType = "com.apple.product-type.application";
		};
/* End PBXNativeTarget section */

/* Begin PBXProject section */
		39DA324D1F2EAFA300607AEC /* Project object */ = {
			isa = PBXProject;
			attributes = {
				LastSwiftUpdateCheck = 0900;
				LastUpgradeCheck = 0900;
				ORGANIZATIONNAME = "Ryan Brashear";
				TargetAttributes = {
					39DA32541F2EAFA300607AEC = {
						CreatedOnToolsVersion = 9.0;
					};
				};
			};
			buildConfigurationList = 39DA32501F2EAFA300607AEC /* Build configuration list for PBXProject "Task-Manager" */;
			compatibilityVersion = "Xcode 8.0";
			developmentRegion = en;
			hasScannedForEncodings = 0;
			knownRegions = (
				en,
				Base,
			);
			mainGroup = 39DA324C1F2EAFA300607AEC;
			productRefGroup = 39DA32561F2EAFA300607AEC /* Products */;
			projectDirPath = "";
			projectRoot = "";
			targets = (
				39DA32541F2EAFA300607AEC /* Task-Manager */,
			);
		};
/* End PBXProject section */

/* Begin PBXResourcesBuildPhase section */
		39DA32531F2EAFA300607AEC /* Resources */ = {
			isa = PBXResourcesBuildPhase;
			buildActionMask = 2147483647;
			files = (
				39DA32631F2EAFA300607AEC /* LaunchScreen.storyboard in Resources */,
				39DA32601F2EAFA300607AEC /* Assets.xcassets in Resources */,
				39DA325E1F2EAFA300607AEC /* Main.storyboard in Resources */,
			);
			runOnlyForDeploymentPostprocessing = 0;
		};
/* End PBXResourcesBuildPhase section */

/* Begin PBXSourcesBuildPhase section */
		39DA32511F2EAFA300607AEC /* Sources */ = {
			isa = PBXSourcesBuildPhase;
			buildActionMask = 2147483647;
			files = (
				39DA325B1F2EAFA300607AEC /* ViewController.swift in Sources */,
				39DA326B1F2EB12200607AEC /* Task.swift in Sources */,
				39DA32591F2EAFA300607AEC /* AppDelegate.swift in Sources */,
				39DA326D1F2EB12E00607AEC /* Enumerations.swift in Sources */,
			);
			runOnlyForDeploymentPostprocessing = 0;
		};
/* End PBXSourcesBuildPhase section */

/* Begin PBXVariantGroup section */
		39DA325C1F2EAFA300607AEC /* Main.storyboard */ = {
			isa = PBXVariantGroup;
			children = (
				39DA325D1F2EAFA300607AEC /* Base */,
			);
			name = Main.storyboard;
			sourceTree = "<group>";
		};
		39DA32611F2EAFA300607AEC /* LaunchScreen.storyboard */ = {
			isa = PBXVariantGroup;
			children = (
				39DA32621F2EAFA300607AEC /* Base */,
			);
			name = LaunchScreen.storyboard;
			sourceTree = "<group>";
		};
/* End PBXVariantGroup section */

/* Begin XCBuildConfiguration section */
		39DA32651F2EAFA300607AEC /* Debug */ = {
			isa = XCBuildConfiguration;
			buildSettings = {
				ALWAYS_SEARCH_USER_PATHS = NO;
				CLANG_ANALYZER_NONNULL = YES;
				CLANG_ANALYZER_NUMBER_OBJECT_CONVERSION = YES_AGGRESSIVE;
				CLANG_CXX_LANGUAGE_STANDARD = "gnu++14";
				CLANG_CXX_LIBRARY = "libc++";
				CLANG_ENABLE_MODULES = YES;
				CLANG_ENABLE_OBJC_ARC = YES;
				CLANG_WARN_BLOCK_CAPTURE_AUTORELEASING = YES;
				CLANG_WARN_BOOL_CONVERSION = YES;
				CLANG_WARN_COMMA = YES;
				CLANG_WARN_CONSTANT_CONVERSION = YES;
				CLANG_WARN_DIRECT_OBJC_ISA_USAGE = YES_ERROR;
				CLANG_WARN_DOCUMENTATION_COMMENTS = YES;
				CLANG_WARN_EMPTY_BODY = YES;
				CLANG_WARN_ENUM_CONVERSION = YES;
				CLANG_WARN_INFINITE_RECURSION = YES;
				CLANG_WARN_INT_CONVERSION = YES;
				CLANG_WARN_OBJC_ROOT_CLASS = YES_ERROR;
				CLANG_WARN_RANGE_LOOP_ANALYSIS = YES;
				CLANG_WARN_STRICT_PROTOTYPES = YES;
				CLANG_WARN_SUSPICIOUS_MOVE = YES;
				CLANG_WARN_UNGUARDED_AVAILABILITY = YES_AGGRESSIVE;
				CLANG_WARN_UNREACHABLE_CODE = YES;
				CLANG_WARN__DUPLICATE_METHOD_MATCH = YES;
				CODE_SIGN_IDENTITY = "iPhone Developer";
				COPY_PHASE_STRIP = NO;
				DEBUG_INFORMATION_FORMAT = dwarf;
				ENABLE_STRICT_OBJC_MSGSEND = YES;
				ENABLE_TESTABILITY = YES;
				GCC_C_LANGUAGE_STANDARD = gnu11;
				GCC_DYNAMIC_NO_PIC = NO;
				GCC_NO_COMMON_BLOCKS = YES;
				GCC_OPTIMIZATION_LEVEL = 0;
				GCC_PREPROCESSOR_DEFINITIONS = (
					"DEBUG=1",
					"$(inherited)",
				);
				GCC_WARN_64_TO_32_BIT_CONVERSION = YES;
				GCC_WARN_ABOUT_RETURN_TYPE = YES_ERROR;
				GCC_WARN_UNDECLARED_SELECTOR = YES;
				GCC_WARN_UNINITIALIZED_AUTOS = YES_AGGRESSIVE;
				GCC_WARN_UNUSED_FUNCTION = YES;
				GCC_WARN_UNUSED_VARIABLE = YES;
				IPHONEOS_DEPLOYMENT_TARGET = 11.0;
				MTL_ENABLE_DEBUG_INFO = YES;
				ONLY_ACTIVE_ARCH = YES;
				SDKROOT = iphoneos;
				SWIFT_ACTIVE_COMPILATION_CONDITIONS = DEBUG;
				SWIFT_OPTIMIZATION_LEVEL = "-Onone";
			};
			name = Debug;
		};
		39DA32661F2EAFA300607AEC /* Release */ = {
			isa = XCBuildConfiguration;
			buildSettings = {
				ALWAYS_SEARCH_USER_PATHS = NO;
				CLANG_ANALYZER_NONNULL = YES;
				CLANG_ANALYZER_NUMBER_OBJECT_CONVERSION = YES_AGGRESSIVE;
				CLANG_CXX_LANGUAGE_STANDARD = "gnu++14";
				CLANG_CXX_LIBRARY = "libc++";
				CLANG_ENABLE_MODULES = YES;
				CLANG_ENABLE_OBJC_ARC = YES;
				CLANG_WARN_BLOCK_CAPTURE_AUTORELEASING = YES;
				CLANG_WARN_BOOL_CONVERSION = YES;
				CLANG_WARN_COMMA = YES;
				CLANG_WARN_CONSTANT_CONVERSION = YES;
				CLANG_WARN_DIRECT_OBJC_ISA_USAGE = YES_ERROR;
				CLANG_WARN_DOCUMENTATION_COMMENTS = YES;
				CLANG_WARN_EMPTY_BODY = YES;
				CLANG_WARN_ENUM_CONVERSION = YES;
				CLANG_WARN_INFINITE_RECURSION = YES;
				CLANG_WARN_INT_CONVERSION = YES;
				CLANG_WARN_OBJC_ROOT_CLASS = YES_ERROR;
				CLANG_WARN_RANGE_LOOP_ANALYSIS = YES;
				CLANG_WARN_STRICT_PROTOTYPES = YES;
				CLANG_WARN_SUSPICIOUS_MOVE = YES;
				CLANG_WARN_UNGUARDED_AVAILABILITY = YES_AGGRESSIVE;
				CLANG_WARN_UNREACHABLE_CODE = YES;
				CLANG_WARN__DUPLICATE_METHOD_MATCH = YES;
				CODE_SIGN_IDENTITY = "iPhone Developer";
				COPY_PHASE_STRIP = NO;
				DEBUG_INFORMATION_FORMAT = "dwarf-with-dsym";
				ENABLE_NS_ASSERTIONS = NO;
				ENABLE_STRICT_OBJC_MSGSEND = YES;
				GCC_C_LANGUAGE_STANDARD = gnu11;
				GCC_NO_COMMON_BLOCKS = YES;
				GCC_WARN_64_TO_32_BIT_CONVERSION = YES;
				GCC_WARN_ABOUT_RETURN_TYPE = YES_ERROR;
				GCC_WARN_UNDECLARED_SELECTOR = YES;
				GCC_WARN_UNINITIALIZED_AUTOS = YES_AGGRESSIVE;
				GCC_WARN_UNUSED_FUNCTION = YES;
				GCC_WARN_UNUSED_VARIABLE = YES;
				IPHONEOS_DEPLOYMENT_TARGET = 11.0;
				MTL_ENABLE_DEBUG_INFO = NO;
				SDKROOT = iphoneos;
				SWIFT_OPTIMIZATION_LEVEL = "-Owholemodule";
				VALIDATE_PRODUCT = YES;
			};
			name = Release;
		};
		39DA32681F2EAFA300607AEC /* Debug */ = {
			isa = XCBuildConfiguration;
			buildSettings = {
				ASSETCATALOG_COMPILER_APPICON_NAME = AppIcon;
				DEVELOPMENT_TEAM = JA3DANMHQT;
				INFOPLIST_FILE = "Task-Manager/Info.plist";
				LD_RUNPATH_SEARCH_PATHS = "$(inherited) @executable_path/Frameworks";
				PRODUCT_BUNDLE_IDENTIFIER = "com.ryanbrashear.Task-Manager";
				PRODUCT_NAME = "$(TARGET_NAME)";
				SWIFT_VERSION = 4.0;
				TARGETED_DEVICE_FAMILY = "1,2";
			};
			name = Debug;
		};
		39DA32691F2EAFA300607AEC /* Release */ = {
			isa = XCBuildConfiguration;
			buildSettings = {
				ASSETCATALOG_COMPILER_APPICON_NAME = AppIcon;
				DEVELOPMENT_TEAM = JA3DANMHQT;
				INFOPLIST_FILE = "Task-Manager/Info.plist";
				LD_RUNPATH_SEARCH_PATHS = "$(inherited) @executable_path/Frameworks";
				PRODUCT_BUNDLE_IDENTIFIER = "com.ryanbrashear.Task-Manager";
				PRODUCT_NAME = "$(TARGET_NAME)";
				SWIFT_VERSION = 4.0;
				TARGETED_DEVICE_FAMILY = "1,2";
			};
			name = Release;
		};
/* End XCBuildConfiguration section */

/* Begin XCConfigurationList section */
		39DA32501F2EAFA300607AEC /* Build configuration list for PBXProject "Task-Manager" */ = {
			isa = XCConfigurationList;
			buildConfigurations = (
				39DA32651F2EAFA300607AEC /* Debug */,
				39DA32661F2EAFA300607AEC /* Release */,
			);
			defaultConfigurationIsVisible = 0;
			defaultConfigurationName = Release;
		};
		39DA32671F2EAFA300607AEC /* Build configuration list for PBXNativeTarget "Task-Manager" */ = {
			isa = XCConfigurationList;
			buildConfigurations = (
				39DA32681F2EAFA300607AEC /* Debug */,
				39DA32691F2EAFA300607AEC /* Release */,
			);
			defaultConfigurationIsVisible = 0;
		};
/* End XCConfigurationList section */
	};
	rootObject = 39DA324D1F2EAFA300607AEC /* Project object */;
}
